
Microsoft Visual Studio Solution File, Format Version 12.00
# Visual Studio Version 17
VisualStudioVersion = 17.6.33723.286
MinimumVisualStudioVersion = 10.0.40219.1
Project("{FAE04EC0-301F-11D3-BF4B-00C04F79EFBC}") = "MusicPlaylist", "MusicPlaylist\MusicPlaylist.csproj", "{A7FC76B8-2806-4E81-8BE8-8A2E491B0600}"
EndProject
Global
	GlobalSection(SolutionConfigurationPlatforms) = preSolution
		Debug|Any CPU = Debug|Any CPU
		Release|Any CPU = Release|Any CPU
	EndGlobalSection
	GlobalSection(ProjectConfigurationPlatforms) = postSolution
		{A7FC76B8-2806-4E81-8BE8-8A2E491B0600}.Debug|Any CPU.ActiveCfg = Debug|Any CPU
		{A7FC76B8-2806-4E81-8BE8-8A2E491B0600}.Debug|Any CPU.Build.0 = Debug|Any CPU
		{A7FC76B8-2806-4E81-8BE8-8A2E491B0600}.Release|Any CPU.ActiveCfg = Release|Any CPU
		{A7FC76B8-2806-4E81-8BE8-8A2E491B0600}.Release|Any CPU.Build.0 = Release|Any CPU
	EndGlobalSection
	GlobalSection(SolutionProperties) = preSolution
		HideSolutionNode = FALSE
	EndGlobalSection
	GlobalSection(ExtensibilityGlobals) = postSolution
		SolutionGuid = {B7B39DC5-2B5A-4350-9A9D-B0950D2F8EA3}
	EndGlobalSection
EndGlobal
